
Microsoft Visual Studio Solution File, Format Version 12.00
# Visual Studio 2012
Project("{F184B08F-C81C-45F6-A57F-5ABD9991F28F}") = "WindowsApplication9", "WindowsApplication9\WindowsApplication9.vbproj", "{D6CCD375-DBD6-4BBE-AC9A-2D2876F9AE74}"
EndProject
Global
	GlobalSection(SolutionConfigurationPlatforms) = preSolution
		Debug|Any CPU = Debug|Any CPU
		Release|Any CPU = Release|Any CPU
	EndGlobalSection
	GlobalSection(ProjectConfigurationPlatforms) = postSolution
		{D6CCD375-DBD6-4BBE-AC9A-2D2876F9AE74}.Debug|Any CPU.ActiveCfg = Debug|Any CPU
		{D6CCD375-DBD6-4BBE-AC9A-2D2876F9AE74}.Debug|Any CPU.Build.0 = Debug|Any CPU
		{D6CCD375-DBD6-4BBE-AC9A-2D2876F9AE74}.Release|Any CPU.ActiveCfg = Release|Any CPU
		{D6CCD375-DBD6-4BBE-AC9A-2D2876F9AE74}.Release|Any CPU.Build.0 = Release|Any CPU
	EndGlobalSection
	GlobalSection(SolutionProperties) = preSolution
		HideSolutionNode = FALSE
	EndGlobalSection
EndGlobal
